
Microsoft Visual Studio Solution File, Format Version 12.00
# Visual Studio 15
VisualStudioVersion = 15.0.28307.489
MinimumVisualStudioVersion = 10.0.40219.1
Project("{FAE04EC0-301F-11D3-BF4B-00C04F79EFBC}") = "CrudOperationWebAPI", "CrudOperationWebAPI\CrudOperationWebAPI.csproj", "{7321A264-A6B0-4EA6-B032-2291ADD1D3A4}"
EndProject
Global
	GlobalSection(SolutionConfigurationPlatforms) = preSolution
		Debug|Any CPU = Debug|Any CPU
		Release|Any CPU = Release|Any CPU
	EndGlobalSection
	GlobalSection(ProjectConfigurationPlatforms) = postSolution
		{7321A264-A6B0-4EA6-B032-2291ADD1D3A4}.Debug|Any CPU.ActiveCfg = Debug|Any CPU
		{7321A264-A6B0-4EA6-B032-2291ADD1D3A4}.Debug|Any CPU.Build.0 = Debug|Any CPU
		{7321A264-A6B0-4EA6-B032-2291ADD1D3A4}.Release|Any CPU.ActiveCfg = Release|Any CPU
		{7321A264-A6B0-4EA6-B032-2291ADD1D3A4}.Release|Any CPU.Build.0 = Release|Any CPU
	EndGlobalSection
	GlobalSection(SolutionProperties) = preSolution
		HideSolutionNode = FALSE
	EndGlobalSection
	GlobalSection(ExtensibilityGlobals) = postSolution
		SolutionGuid = {B64653E8-DE03-402A-91BA-E1236E2A9D1E}
	EndGlobalSection
EndGlobal
